<Solution>
  <Folder Name="/samples/">
    <Project Path="samples/Forma.Catalog/Forma.Catalog.csproj" />
  </Folder>
  <Folder Name="/src/">
    <Project Path="src/Forma/Forma.csproj" />
    <Project Path="src/Forma.Media/Forma.Media.csproj" />
  </Folder>
  <Folder Name="/tests/">
    <Project Path="tests/Forma.RenderTests/Forma.RenderTests.csproj" />
    <Project Path="tests/Forma.Tests/Forma.Tests.csproj" />
  </Folder>
</Solution>
