<Solution>
  <Folder Name="/samples/">
    <Project Path="samples/Forma.Catalog/Forma.Catalog.csproj" />
    <Project Path="samples/Forma.Catalog.FNA/Forma.Catalog.FNA.csproj" />
    <Project Path="samples/Forma.Catalog.MonoGame/Forma.Catalog.MonoGame.csproj" />
    <Project Path="samples/Forma.QuickStart.FNA/Forma.QuickStart.FNA.csproj" />
    <Project Path="samples/Forma.QuickStart.MonoGame/Forma.QuickStart.MonoGame.csproj" />
    <Project Path="samples/Forma.QuickStart/Forma.QuickStart.csproj" />
    <Project Path="samples/Forma.Xaml.Game.FNA/Forma.Xaml.Game.FNA.csproj" />
    <Project Path="samples/Forma.Xaml.Game.MonoGame/Forma.Xaml.Game.MonoGame.csproj" />
    <Project Path="samples/Forma.Xaml.Game/Forma.Xaml.Game.csproj" />
  </Folder>
  <Folder Name="/src/">
    <Project Path="src/Forma/Forma.csproj" />
    <Project Path="src/Forma.DynamicText/Forma.DynamicText.csproj" />
    <Project Path="src/Forma.Media/Forma.Media.csproj" />
    <Project Path="src/Forma.Svg.Compatibility/Forma.Svg.Compatibility.csproj" />
    <Project Path="src/Forma.Svg.ThorVG/Forma.Svg.ThorVG.csproj" />
    <Project Path="src/Forma.Svg/Forma.Svg.csproj" />
    <Project Path="src/Forma.Xaml.Build/Forma.Xaml.Build.csproj" />
    <Project Path="src/Forma.Xaml.Compiler/Forma.Xaml.Compiler.csproj" />
    <Project Path="src/Forma.Xaml.HotReload/Forma.Xaml.HotReload.csproj" />
  </Folder>
  <Folder Name="/tests/">
    <Project Path="tests/Forma.AotAnalyzerConsumer/Forma.AotAnalyzerConsumer.csproj" />
    <Project Path="tests/Forma.DynamicTextSpike/Forma.DynamicTextSpike.csproj" />
    <Project Path="tests/Forma.FnaVideoSmoke/Forma.FnaVideoSmoke.csproj" />
    <Project Path="tests/Forma.NativeFontFailureProbe/Forma.NativeFontFailureProbe.csproj" />
    <Project Path="tests/Forma.RenderSmoke/Forma.RenderSmoke.csproj" />
    <Project Path="tests/Forma.RenderTests/Forma.RenderTests.csproj" />
    <Project Path="tests/Forma.StaticFontBackendSpike/Forma.StaticFontBackendSpike.csproj" />
    <Project Path="tests/Forma.Svg.Benchmark.ThorVG/Forma.Svg.Benchmark.ThorVG.csproj" />
    <Project Path="tests/Forma.Svg.Compare/Forma.Svg.Compare.csproj" />
    <Project Path="tests/Forma.Svg.PackageConsumer/Forma.Svg.PackageConsumer.csproj" />
    <Project Path="tests/Forma.Svg.SelectionProbe/Forma.Svg.SelectionProbe.csproj" />
    <Project Path="tests/Forma.SvgRenderSmoke/Forma.SvgRenderSmoke.csproj" />
    <Project Path="tests/Forma.Tests/Forma.Tests.csproj" />
    <Project Path="tests/Forma.ThorVG.AotConsumer/Forma.ThorVG.AotConsumer.csproj" />
    <Project Path="tests/Forma.ThorVG.StaticHost/Forma.ThorVG.StaticHost.csproj" />
    <Project Path="tests/Forma.ThorVG.Tests/Forma.ThorVG.Tests.csproj" />
    <Project Path="tests/Forma.Xaml.Build.Integration/Forma.Xaml.Build.Integration.csproj" />
    <Project Path="tests/Forma.Xaml.Compiler.Tests/Forma.Xaml.Compiler.Tests.csproj" />
    <Project Path="tests/Forma.Xaml.HotReload.PackageConsumer/Forma.Xaml.HotReload.PackageConsumer.csproj" />
    <Project Path="tests/Forma.Xaml.HotReload.Tests/Forma.Xaml.HotReload.Tests.csproj" />
    <Project Path="tests/Forma.Xaml.Game.Tests/Forma.Xaml.Game.Tests.csproj" />
    <Project Path="tests/Forma.Xaml.Tests/Forma.Xaml.Tests.csproj" />
    <Project Path="tests/Forma.Xaml.Tool.Tests/Forma.Xaml.Tool.Tests.csproj" />
    <Project Path="tests/Forma.XamlSpike.Aot/Forma.XamlSpike.Aot.csproj" />
    <Project Path="tests/Forma.XamlSpike.Runtime/Forma.XamlSpike.Runtime.csproj" />
    <Project Path="tests/Forma.XamlSpike/Forma.XamlSpike.csproj" />
  </Folder>
  <Folder Name="/tools/">
    <Project Path="tools/Forma.AssemblyInspector/Forma.AssemblyInspector.csproj" />
    <Project Path="tools/Forma.IconPipeline/Forma.IconPipeline.csproj" />
    <Project Path="tools/Forma.Xaml.Tool/Forma.Xaml.Tool.csproj" />
    <Project Path="tools/Forma.UnicodePipeline/Forma.UnicodePipeline.csproj" />
  </Folder>
</Solution>
